
Microsoft Visual Studio Solution File, Format Version 12.00
# Visual Studio Version 17
VisualStudioVersion = 17.8.34322.80
MinimumVisualStudioVersion = 10.0.40219.1
Project("{9A19103F-16F7-4668-BE54-9A1E7A4F7556}") = "ConsoleHelloWorld", "ConsoleHelloWorld\ConsoleHelloWorld.csproj", "{15197AD9-3211-4ABD-AAB2-F794FD8D7816}"
EndProject
Global
	GlobalSection(SolutionConfigurationPlatforms) = preSolution
		Debug|Any CPU = Debug|Any CPU
		Release|Any CPU = Release|Any CPU
	EndGlobalSection
	GlobalSection(ProjectConfigurationPlatforms) = postSolution
		{15197AD9-3211-4ABD-AAB2-F794FD8D7816}.Debug|Any CPU.ActiveCfg = Debug|Any CPU
		{15197AD9-3211-4ABD-AAB2-F794FD8D7816}.Debug|Any CPU.Build.0 = Debug|Any CPU
		{15197AD9-3211-4ABD-AAB2-F794FD8D7816}.Release|Any CPU.ActiveCfg = Release|Any CPU
		{15197AD9-3211-4ABD-AAB2-F794FD8D7816}.Release|Any CPU.Build.0 = Release|Any CPU
	EndGlobalSection
	GlobalSection(SolutionProperties) = preSolution
		HideSolutionNode = FALSE
	EndGlobalSection
	GlobalSection(ExtensibilityGlobals) = postSolution
		SolutionGuid = {2F5DC82F-B6A7-4AD5-B759-84F3BAF14410}
	EndGlobalSection
EndGlobal
